
Microsoft Visual Studio Solution File, Format Version 12.00
# Visual Studio Version 17
VisualStudioVersion = 17.13.35825.156 d17.13
MinimumVisualStudioVersion = 10.0.40219.1
Project("{FAE04EC0-301F-11D3-BF4B-00C04F79EFBC}") = "TraceJS", "TraceJS.csproj", "{36157FEB-67B9-4DA4-BE62-A68D9F88FF7A}"
EndProject
Global
	GlobalSection(SolutionConfigurationPlatforms) = preSolution
		Debug|Any CPU = Debug|Any CPU
		Release|Any CPU = Release|Any CPU
	EndGlobalSection
	GlobalSection(ProjectConfigurationPlatforms) = postSolution
		{36157FEB-67B9-4DA4-BE62-A68D9F88FF7A}.Debug|Any CPU.ActiveCfg = Debug|Any CPU
		{36157FEB-67B9-4DA4-BE62-A68D9F88FF7A}.Debug|Any CPU.Build.0 = Debug|Any CPU
		{36157FEB-67B9-4DA4-BE62-A68D9F88FF7A}.Release|Any CPU.ActiveCfg = Release|Any CPU
		{36157FEB-67B9-4DA4-BE62-A68D9F88FF7A}.Release|Any CPU.Build.0 = Release|Any CPU
	EndGlobalSection
	GlobalSection(SolutionProperties) = preSolution
		HideSolutionNode = FALSE
	EndGlobalSection
	GlobalSection(ExtensibilityGlobals) = postSolution
		SolutionGuid = {46CA936C-F188-478E-B5D5-8CFAD782D84B}
	EndGlobalSection
EndGlobal
